
Microsoft Visual Studio Solution File, Format Version 12.00
# Visual Studio Version 17
VisualStudioVersion = 17.14.36518.9 d17.14
MinimumVisualStudioVersion = 10.0.40219.1
Project("{FAE04EC0-301F-11D3-BF4B-00C04F79EFBC}") = "komputerforum", "komputerforum.csproj", "{6B52937A-6814-4DB9-8E1A-F86BB932CBCD}"
EndProject
Global
	GlobalSection(SolutionConfigurationPlatforms) = preSolution
		Debug|Any CPU = Debug|Any CPU
		Release|Any CPU = Release|Any CPU
	EndGlobalSection
	GlobalSection(ProjectConfigurationPlatforms) = postSolution
		{6B52937A-6814-4DB9-8E1A-F86BB932CBCD}.Debug|Any CPU.ActiveCfg = Debug|Any CPU
		{6B52937A-6814-4DB9-8E1A-F86BB932CBCD}.Debug|Any CPU.Build.0 = Debug|Any CPU
		{6B52937A-6814-4DB9-8E1A-F86BB932CBCD}.Release|Any CPU.ActiveCfg = Release|Any CPU
		{6B52937A-6814-4DB9-8E1A-F86BB932CBCD}.Release|Any CPU.Build.0 = Release|Any CPU
	EndGlobalSection
	GlobalSection(SolutionProperties) = preSolution
		HideSolutionNode = FALSE
	EndGlobalSection
	GlobalSection(ExtensibilityGlobals) = postSolution
		SolutionGuid = {F28C4FCC-81CF-471B-AA6F-D9B990DBDBD7}
	EndGlobalSection
EndGlobal
